{
  "object": {
    "pins": [
      {
        "package": "HTMLExtractor",
        "repositoryURL": "https://github.com/billdonner/HTMLExtractor",
        "state": {
          "branch": null,
          "revision": "88e9f666ad66c35b0e86cf8dcc818e7ddfa356af",
          "version": "0.1.6"
        }
      }
    ]
  },
  "version": 1
}
