{
  "object": {
    "pins": [
      {
        "package": "HTMLExtractor",
        "repositoryURL": "https://github.com/billdonner/HTMLExtractor",
        "state": {
          "branch": null,
          "revision": "edbe92883d289a27dedeeac7df2d99e4bcd4f4ee",
          "version": "0.1.3"
        }
      }
    ]
  },
  "version": 1
}
